
Microsoft Visual Studio Solution File, Format Version 12.00
Project("{FAE04EC0-301F-11D3-BF4B-00C04F79EFBC}") = "EspnFantasyFootballAnalyzer.Core", "EspnFantasyFootballAnalyzer.Core\EspnFantasyFootballAnalyzer.Core.csproj", "{7EBA5AB8-BCB6-4DA7-9DB7-48B9AD6491B4}"
EndProject
Project("{FAE04EC0-301F-11D3-BF4B-00C04F79EFBC}") = "EspnFantasyFootballAnalyzer.Core.Tests", "EspnFantasyFootballAnalyzer.Core.Tests\EspnFantasyFootballAnalyzer.Core.Tests.csproj", "{7384F72F-0281-4CEB-A5CB-7BB01AE32298}"
EndProject
Project("{FAE04EC0-301F-11D3-BF4B-00C04F79EFBC}") = "EspnFantasyFootballAnalyzer.Web", "EspnFantasyFootballAnalyzer.Web\EspnFantasyFootballAnalyzer.Web.csproj", "{5FCC58F7-E5B0-4477-B932-E59A79621236}"
EndProject
Global
	GlobalSection(SolutionConfigurationPlatforms) = preSolution
		Debug|Any CPU = Debug|Any CPU
		Release|Any CPU = Release|Any CPU
	EndGlobalSection
	GlobalSection(ProjectConfigurationPlatforms) = postSolution
		{7EBA5AB8-BCB6-4DA7-9DB7-48B9AD6491B4}.Debug|Any CPU.ActiveCfg = Debug|Any CPU
		{7EBA5AB8-BCB6-4DA7-9DB7-48B9AD6491B4}.Debug|Any CPU.Build.0 = Debug|Any CPU
		{7EBA5AB8-BCB6-4DA7-9DB7-48B9AD6491B4}.Release|Any CPU.ActiveCfg = Release|Any CPU
		{7EBA5AB8-BCB6-4DA7-9DB7-48B9AD6491B4}.Release|Any CPU.Build.0 = Release|Any CPU
		{7384F72F-0281-4CEB-A5CB-7BB01AE32298}.Debug|Any CPU.ActiveCfg = Debug|Any CPU
		{7384F72F-0281-4CEB-A5CB-7BB01AE32298}.Debug|Any CPU.Build.0 = Debug|Any CPU
		{7384F72F-0281-4CEB-A5CB-7BB01AE32298}.Release|Any CPU.ActiveCfg = Release|Any CPU
		{7384F72F-0281-4CEB-A5CB-7BB01AE32298}.Release|Any CPU.Build.0 = Release|Any CPU
		{5FCC58F7-E5B0-4477-B932-E59A79621236}.Debug|Any CPU.ActiveCfg = Debug|Any CPU
		{5FCC58F7-E5B0-4477-B932-E59A79621236}.Debug|Any CPU.Build.0 = Debug|Any CPU
		{5FCC58F7-E5B0-4477-B932-E59A79621236}.Release|Any CPU.ActiveCfg = Release|Any CPU
		{5FCC58F7-E5B0-4477-B932-E59A79621236}.Release|Any CPU.Build.0 = Release|Any CPU
	EndGlobalSection
EndGlobal
